{
    "name": "@softvisio/uws",
    "version": "0.3.0",
    "lockfileVersion": 1,
    "requires": true,
    "dependencies": {
        "uWebSockets.js": {
            "version": "github:uNetworking/uWebSockets.js#de4a275e5d2ca352367114b905b4cbddc4a272a9",
            "from": "github:uNetworking/uWebSockets.js#v18.13.0",
            "dev": true
        }
    }
}
